
Microsoft Visual Studio Solution File, Format Version 12.00
# Visual Studio 15
VisualStudioVersion = 15.0.27703.2035
MinimumVisualStudioVersion = 10.0.40219.1
Project("{FAE04EC0-301F-11D3-BF4B-00C04F79EFBC}") = "TicTacToe", "TicTacToe\TicTacToe.csproj", "{8FB6C011-6D5D-4D1D-86AD-46AC4CC671DD}"
EndProject
Project("{2150E333-8FDC-42A3-9474-1A3956D46DE8}") = "Solution Items", "Solution Items", "{57347DD4-A334-4A21-A069-86F172EF6C64}"
	ProjectSection(SolutionItems) = preProject
		TicTacToe\X.png = TicTacToe\X.png
	EndProjectSection
EndProject
Global
	GlobalSection(SolutionConfigurationPlatforms) = preSolution
		Debug|Any CPU = Debug|Any CPU
		Release|Any CPU = Release|Any CPU
	EndGlobalSection
	GlobalSection(ProjectConfigurationPlatforms) = postSolution
		{8FB6C011-6D5D-4D1D-86AD-46AC4CC671DD}.Debug|Any CPU.ActiveCfg = Debug|Any CPU
		{8FB6C011-6D5D-4D1D-86AD-46AC4CC671DD}.Debug|Any CPU.Build.0 = Debug|Any CPU
		{8FB6C011-6D5D-4D1D-86AD-46AC4CC671DD}.Release|Any CPU.ActiveCfg = Release|Any CPU
		{8FB6C011-6D5D-4D1D-86AD-46AC4CC671DD}.Release|Any CPU.Build.0 = Release|Any CPU
	EndGlobalSection
	GlobalSection(SolutionProperties) = preSolution
		HideSolutionNode = FALSE
	EndGlobalSection
	GlobalSection(ExtensibilityGlobals) = postSolution
		SolutionGuid = {693DC0CE-BD4E-4AE3-9092-7BD7E57895F6}
	EndGlobalSection
EndGlobal
